// !$*UTF8*$!
{
	archiveVersion = 1;
	classes = {
	};
	objectVersion = 48;
	objects = {

/* Begin PBXBuildFile section */
		5CABCB070C573E6E17BEEDF9 /* libPods-tools.a in Frameworks */ = {isa = PBXBuildFile; fileRef = 05FAC5C6F1A044D182D40136 /* libPods-tools.a */; };
		5E012DAF207D9B4C00452517 /* UIView+BlurView.m in Sources */ = {isa = PBXBuildFile; fileRef = 5E012DAE207D9B4C00452517 /* UIView+BlurView.m */; };
		5E01F9CD206E09E90078721C /* AppDelegate.m in Sources */ = {isa = PBXBuildFile; fileRef = 5E01F9CC206E09E90078721C /* AppDelegate.m */; };
		5E01F9D5206E09E90078721C /* Assets.xcassets in Resources */ = {isa = PBXBuildFile; fileRef = 5E01F9D4206E09E90078721C /* Assets.xcassets */; };
		5E01F9D8206E09E90078721C /* LaunchScreen.storyboard in Resources */ = {isa = PBXBuildFile; fileRef = 5E01F9D6206E09E90078721C /* LaunchScreen.storyboard */; };
		5E01F9DB206E09E90078721C /* main.m in Sources */ = {isa = PBXBuildFile; fileRef = 5E01F9DA206E09E90078721C /* main.m */; };
		5E01F9E8206E28C60078721C /* ADSBaseViewController.m in Sources */ = {isa = PBXBuildFile; fileRef = 5E01F9E7206E28C60078721C /* ADSBaseViewController.m */; };
		5E01F9EF206E2B900078721C /* NSDictionary+ADSCategory.m in Sources */ = {isa = PBXBuildFile; fileRef = 5E01F9EE206E2B900078721C /* NSDictionary+ADSCategory.m */; };
		5E1E3BE12079C20500805BA8 /* UIView+POPAnimation.m in Sources */ = {isa = PBXBuildFile; fileRef = 5E1E3BE02079C20500805BA8 /* UIView+POPAnimation.m */; };
		5E3CF50A2093205600041A80 /* OnlineVideoPlayer.m in Sources */ = {isa = PBXBuildFile; fileRef = 5E3CF5092093205600041A80 /* OnlineVideoPlayer.m */; };
		5E3CF50E2093259100041A80 /* NSString+ADS.m in Sources */ = {isa = PBXBuildFile; fileRef = 5E3CF50D2093259100041A80 /* NSString+ADS.m */; };
		5E3CF51720940D5800041A80 /* ADSNetworkHelper.m in Sources */ = {isa = PBXBuildFile; fileRef = 5E3CF51620940D5800041A80 /* ADSNetworkHelper.m */; };
		5E63901820859BF00085C4FF /* UIFont+Fonts.m in Sources */ = {isa = PBXBuildFile; fileRef = 5E63901720859BF00085C4FF /* UIFont+Fonts.m */; };
		5E63901C2085BDE70085C4FF /* UIButton+ADSAdd.m in Sources */ = {isa = PBXBuildFile; fileRef = 5E63901B2085BDE70085C4FF /* UIButton+ADSAdd.m */; };
		5E6390202085BFBE0085C4FF /* GCDManager.m in Sources */ = {isa = PBXBuildFile; fileRef = 5E63901F2085BFBE0085C4FF /* GCDManager.m */; };
		5E6390242085E2020085C4FF /* UIViewController+DefaultView.m in Sources */ = {isa = PBXBuildFile; fileRef = 5E6390232085E2020085C4FF /* UIViewController+DefaultView.m */; };
		5E6390272085E7E40085C4FF /* FPSTool.m in Sources */ = {isa = PBXBuildFile; fileRef = 5E6390262085E7E40085C4FF /* FPSTool.m */; };
		5EA840ED207C8DBC009B73DE /* NSObject+GetClassProperty.m in Sources */ = {isa = PBXBuildFile; fileRef = 5EA840EB207C8DBC009B73DE /* NSObject+GetClassProperty.m */; };
		5EA840F4207C934B009B73DE /* ADSNavigationController.m in Sources */ = {isa = PBXBuildFile; fileRef = 5EA840F3207C934B009B73DE /* ADSNavigationController.m */; };
		5EBBAFBC208591AF00A1C68F /* ADSHomeViewController.m in Sources */ = {isa = PBXBuildFile; fileRef = 5EBBAFBB208591AF00A1C68F /* ADSHomeViewController.m */; };
		5EBBAFBF208591C400A1C68F /* ADSSettingViewController.m in Sources */ = {isa = PBXBuildFile; fileRef = 5EBBAFBE208591C400A1C68F /* ADSSettingViewController.m */; };
/* End PBXBuildFile section */

/* Begin PBXFileReference section */
		05FAC5C6F1A044D182D40136 /* libPods-tools.a */ = {isa = PBXFileReference; explicitFileType = archive.ar; includeInIndex = 0; path = "libPods-tools.a"; sourceTree = BUILT_PRODUCTS_DIR; };
		12539583E63381F78B412087 /* Pods-tools.debug.xcconfig */ = {isa = PBXFileReference; includeInIndex = 1; lastKnownFileType = text.xcconfig; name = "Pods-tools.debug.xcconfig"; path = "Pods/Target Support Files/Pods-tools/Pods-tools.debug.xcconfig"; sourceTree = "<group>"; };
		5D169C863E743C80248171A2 /* Pods-tools.release.xcconfig */ = {isa = PBXFileReference; includeInIndex = 1; lastKnownFileType = text.xcconfig; name = "Pods-tools.release.xcconfig"; path = "Pods/Target Support Files/Pods-tools/Pods-tools.release.xcconfig"; sourceTree = "<group>"; };
		5E012DAD207D9B4C00452517 /* UIView+BlurView.h */ = {isa = PBXFileReference; lastKnownFileType = sourcecode.c.h; path = "UIView+BlurView.h"; sourceTree = "<group>"; };
		5E012DAE207D9B4C00452517 /* UIView+BlurView.m */ = {isa = PBXFileReference; lastKnownFileType = sourcecode.c.objc; path = "UIView+BlurView.m"; sourceTree = "<group>"; };
		5E01F9C8206E09E90078721C /* tools.app */ = {isa = PBXFileReference; explicitFileType = wrapper.application; includeInIndex = 0; path = tools.app; sourceTree = BUILT_PRODUCTS_DIR; };
		5E01F9CB206E09E90078721C /* AppDelegate.h */ = {isa = PBXFileReference; lastKnownFileType = sourcecode.c.h; path = AppDelegate.h; sourceTree = "<group>"; };
		5E01F9CC206E09E90078721C /* AppDelegate.m */ = {isa = PBXFileReference; lastKnownFileType = sourcecode.c.objc; path = AppDelegate.m; sourceTree = "<group>"; };
		5E01F9D4206E09E90078721C /* Assets.xcassets */ = {isa = PBXFileReference; lastKnownFileType = folder.assetcatalog; path = Assets.xcassets; sourceTree = "<group>"; };
		5E01F9D7206E09E90078721C /* Base */ = {isa = PBXFileReference; lastKnownFileType = file.storyboard; name = Base; path = Base.lproj/LaunchScreen.storyboard; sourceTree = "<group>"; };
		5E01F9D9206E09E90078721C /* Info.plist */ = {isa = PBXFileReference; lastKnownFileType = text.plist.xml; path = Info.plist; sourceTree = "<group>"; };
		5E01F9DA206E09E90078721C /* main.m */ = {isa = PBXFileReference; lastKnownFileType = sourcecode.c.objc; path = main.m; sourceTree = "<group>"; };
		5E01F9E6206E28C60078721C /* ADSBaseViewController.h */ = {isa = PBXFileReference; lastKnownFileType = sourcecode.c.h; path = ADSBaseViewController.h; sourceTree = "<group>"; };
		5E01F9E7206E28C60078721C /* ADSBaseViewController.m */ = {isa = PBXFileReference; lastKnownFileType = sourcecode.c.objc; path = ADSBaseViewController.m; sourceTree = "<group>"; xcLanguageSpecificationIdentifier = xcode.lang.cpp; };
		5E01F9ED206E2B900078721C /* NSDictionary+ADSCategory.h */ = {isa = PBXFileReference; lastKnownFileType = sourcecode.c.h; path = "NSDictionary+ADSCategory.h"; sourceTree = "<group>"; };
		5E01F9EE206E2B900078721C /* NSDictionary+ADSCategory.m */ = {isa = PBXFileReference; lastKnownFileType = sourcecode.c.objc; path = "NSDictionary+ADSCategory.m"; sourceTree = "<group>"; };
		5E01F9F0206E2DA60078721C /* ToolsPrefixHeader.pch */ = {isa = PBXFileReference; lastKnownFileType = sourcecode.c.h; path = ToolsPrefixHeader.pch; sourceTree = "<group>"; };
		5E1E3BDF2079C20500805BA8 /* UIView+POPAnimation.h */ = {isa = PBXFileReference; lastKnownFileType = sourcecode.c.h; path = "UIView+POPAnimation.h"; sourceTree = "<group>"; };
		5E1E3BE02079C20500805BA8 /* UIView+POPAnimation.m */ = {isa = PBXFileReference; lastKnownFileType = sourcecode.c.objc; path = "UIView+POPAnimation.m"; sourceTree = "<group>"; };
		5E3CF5082093205600041A80 /* OnlineVideoPlayer.h */ = {isa = PBXFileReference; fileEncoding = 4; lastKnownFileType = sourcecode.c.h; path = OnlineVideoPlayer.h; sourceTree = "<group>"; };
		5E3CF5092093205600041A80 /* OnlineVideoPlayer.m */ = {isa = PBXFileReference; fileEncoding = 4; lastKnownFileType = sourcecode.c.objc; path = OnlineVideoPlayer.m; sourceTree = "<group>"; };
		5E3CF50D2093259100041A80 /* NSString+ADS.m */ = {isa = PBXFileReference; lastKnownFileType = sourcecode.c.objc; path = "NSString+ADS.m"; sourceTree = "<group>"; };
		5E3CF50F209327B100041A80 /* NSString+ADS.h */ = {isa = PBXFileReference; fileEncoding = 4; lastKnownFileType = sourcecode.c.h; path = "NSString+ADS.h"; sourceTree = "<group>"; };
		5E3CF51020932A3B00041A80 /* Macros.h */ = {isa = PBXFileReference; lastKnownFileType = sourcecode.c.h; path = Macros.h; sourceTree = "<group>"; };
		5E3CF51520940D5800041A80 /* ADSNetworkHelper.h */ = {isa = PBXFileReference; lastKnownFileType = sourcecode.c.h; path = ADSNetworkHelper.h; sourceTree = "<group>"; };
		5E3CF51620940D5800041A80 /* ADSNetworkHelper.m */ = {isa = PBXFileReference; lastKnownFileType = sourcecode.c.objc; path = ADSNetworkHelper.m; sourceTree = "<group>"; };
		5E63901620859BF00085C4FF /* UIFont+Fonts.h */ = {isa = PBXFileReference; fileEncoding = 4; lastKnownFileType = sourcecode.c.h; path = "UIFont+Fonts.h"; sourceTree = "<group>"; };
		5E63901720859BF00085C4FF /* UIFont+Fonts.m */ = {isa = PBXFileReference; fileEncoding = 4; lastKnownFileType = sourcecode.c.objc; path = "UIFont+Fonts.m"; sourceTree = "<group>"; };
		5E63901A2085BDE70085C4FF /* UIButton+ADSAdd.h */ = {isa = PBXFileReference; lastKnownFileType = sourcecode.c.h; path = "UIButton+ADSAdd.h"; sourceTree = "<group>"; };
		5E63901B2085BDE70085C4FF /* UIButton+ADSAdd.m */ = {isa = PBXFileReference; lastKnownFileType = sourcecode.c.objc; path = "UIButton+ADSAdd.m"; sourceTree = "<group>"; };
		5E63901E2085BFBE0085C4FF /* GCDManager.h */ = {isa = PBXFileReference; lastKnownFileType = sourcecode.c.h; path = GCDManager.h; sourceTree = "<group>"; };
		5E63901F2085BFBE0085C4FF /* GCDManager.m */ = {isa = PBXFileReference; lastKnownFileType = sourcecode.c.objc; path = GCDManager.m; sourceTree = "<group>"; };
		5E6390222085E2020085C4FF /* UIViewController+DefaultView.h */ = {isa = PBXFileReference; fileEncoding = 4; lastKnownFileType = sourcecode.c.h; path = "UIViewController+DefaultView.h"; sourceTree = "<group>"; };
		5E6390232085E2020085C4FF /* UIViewController+DefaultView.m */ = {isa = PBXFileReference; fileEncoding = 4; lastKnownFileType = sourcecode.c.objc; path = "UIViewController+DefaultView.m"; sourceTree = "<group>"; };
		5E6390252085E7E40085C4FF /* FPSTool.h */ = {isa = PBXFileReference; lastKnownFileType = sourcecode.c.h; path = FPSTool.h; sourceTree = "<group>"; };
		5E6390262085E7E40085C4FF /* FPSTool.m */ = {isa = PBXFileReference; lastKnownFileType = sourcecode.c.objc; path = FPSTool.m; sourceTree = "<group>"; };
		5EA840EB207C8DBC009B73DE /* NSObject+GetClassProperty.m */ = {isa = PBXFileReference; fileEncoding = 4; lastKnownFileType = sourcecode.c.objc; path = "NSObject+GetClassProperty.m"; sourceTree = "<group>"; };
		5EA840EC207C8DBC009B73DE /* NSObject+GetClassProperty.h */ = {isa = PBXFileReference; fileEncoding = 4; lastKnownFileType = sourcecode.c.h; path = "NSObject+GetClassProperty.h"; sourceTree = "<group>"; };
		5EA840F1207C923B009B73DE /* Config.pch */ = {isa = PBXFileReference; lastKnownFileType = sourcecode.c.h; path = Config.pch; sourceTree = "<group>"; };
		5EA840F2207C934B009B73DE /* ADSNavigationController.h */ = {isa = PBXFileReference; lastKnownFileType = sourcecode.c.h; path = ADSNavigationController.h; sourceTree = "<group>"; };
		5EA840F3207C934B009B73DE /* ADSNavigationController.m */ = {isa = PBXFileReference; lastKnownFileType = sourcecode.c.objc; path = ADSNavigationController.m; sourceTree = "<group>"; };
		5EBBAFBA208591AF00A1C68F /* ADSHomeViewController.h */ = {isa = PBXFileReference; lastKnownFileType = sourcecode.c.h; path = ADSHomeViewController.h; sourceTree = "<group>"; };
		5EBBAFBB208591AF00A1C68F /* ADSHomeViewController.m */ = {isa = PBXFileReference; lastKnownFileType = sourcecode.c.objc; path = ADSHomeViewController.m; sourceTree = "<group>"; };
		5EBBAFBD208591C400A1C68F /* ADSSettingViewController.h */ = {isa = PBXFileReference; lastKnownFileType = sourcecode.c.h; path = ADSSettingViewController.h; sourceTree = "<group>"; };
		5EBBAFBE208591C400A1C68F /* ADSSettingViewController.m */ = {isa = PBXFileReference; lastKnownFileType = sourcecode.c.objc; path = ADSSettingViewController.m; sourceTree = "<group>"; };
/* End PBXFileReference section */

/* Begin PBXFrameworksBuildPhase section */
		5E01F9C5206E09E90078721C /* Frameworks */ = {
			isa = PBXFrameworksBuildPhase;
			buildActionMask = 2147483647;
			files = (
				5CABCB070C573E6E17BEEDF9 /* libPods-tools.a in Frameworks */,
			);
			runOnlyForDeploymentPostprocessing = 0;
		};
/* End PBXFrameworksBuildPhase section */

/* Begin PBXGroup section */
		55968B78E27CC4A45CBDB53E /* Frameworks */ = {
			isa = PBXGroup;
			children = (
				05FAC5C6F1A044D182D40136 /* libPods-tools.a */,
			);
			name = Frameworks;
			sourceTree = "<group>";
		};
		5963E0DDF6771F1BA26B4862 /* Pods */ = {
			isa = PBXGroup;
			children = (
				12539583E63381F78B412087 /* Pods-tools.debug.xcconfig */,
				5D169C863E743C80248171A2 /* Pods-tools.release.xcconfig */,
			);
			name = Pods;
			sourceTree = "<group>";
		};
		5E01F9BF206E09E90078721C = {
			isa = PBXGroup;
			children = (
				5E01F9CA206E09E90078721C /* tools */,
				5E01F9C9206E09E90078721C /* Products */,
				5963E0DDF6771F1BA26B4862 /* Pods */,
				55968B78E27CC4A45CBDB53E /* Frameworks */,
			);
			sourceTree = "<group>";
		};
		5E01F9C9206E09E90078721C /* Products */ = {
			isa = PBXGroup;
			children = (
				5E01F9C8206E09E90078721C /* tools.app */,
			);
			name = Products;
			sourceTree = "<group>";
		};
		5E01F9CA206E09E90078721C /* tools */ = {
			isa = PBXGroup;
			children = (
				5E63901D2085BFA20085C4FF /* Utils */,
				5EBBAFC0208594FB00A1C68F /* Resource */,
				5E01F9E9206E2B300078721C /* Category */,
				5E01F9E2206E15180078721C /* VC */,
				5E01F9E1206E0C370078721C /* Global */,
				5E01F9CB206E09E90078721C /* AppDelegate.h */,
				5E01F9CC206E09E90078721C /* AppDelegate.m */,
				5E01F9D6206E09E90078721C /* LaunchScreen.storyboard */,
				5E01F9D9206E09E90078721C /* Info.plist */,
				5E01F9DA206E09E90078721C /* main.m */,
				5E01F9F0206E2DA60078721C /* ToolsPrefixHeader.pch */,
			);
			path = tools;
			sourceTree = "<group>";
		};
		5E01F9E1206E0C370078721C /* Global */ = {
			isa = PBXGroup;
			children = (
				5EA840F1207C923B009B73DE /* Config.pch */,
				5E3CF51020932A3B00041A80 /* Macros.h */,
			);
			path = Global;
			sourceTree = "<group>";
		};
		5E01F9E2206E15180078721C /* VC */ = {
			isa = PBXGroup;
			children = (
				5E01F9E6206E28C60078721C /* ADSBaseViewController.h */,
				5E01F9E7206E28C60078721C /* ADSBaseViewController.m */,
				5EA840F2207C934B009B73DE /* ADSNavigationController.h */,
				5EA840F3207C934B009B73DE /* ADSNavigationController.m */,
				5EBBAFBA208591AF00A1C68F /* ADSHomeViewController.h */,
				5EBBAFBB208591AF00A1C68F /* ADSHomeViewController.m */,
				5EBBAFBD208591C400A1C68F /* ADSSettingViewController.h */,
				5EBBAFBE208591C400A1C68F /* ADSSettingViewController.m */,
			);
			path = VC;
			sourceTree = "<group>";
		};
		5E01F9E9206E2B300078721C /* Category */ = {
			isa = PBXGroup;
			children = (
				5E3CF50B2093235A00041A80 /* NSString */,
				5E6390212085E2020085C4FF /* UIViewController */,
				5E6390192085BDBB0085C4FF /* UIButton */,
				5E63901520859BF00085C4FF /* UIFont */,
				5EA840E9207C8D75009B73DE /* NSObject */,
				5E1E3BDD2079C0C000805BA8 /* UIView */,
				5EA840EA207C8D92009B73DE /* NSDictionary */,
			);
			path = Category;
			sourceTree = "<group>";
		};
		5E1E3BDD2079C0C000805BA8 /* UIView */ = {
			isa = PBXGroup;
			children = (
				5E1E3BDF2079C20500805BA8 /* UIView+POPAnimation.h */,
				5E1E3BE02079C20500805BA8 /* UIView+POPAnimation.m */,
				5E012DAD207D9B4C00452517 /* UIView+BlurView.h */,
				5E012DAE207D9B4C00452517 /* UIView+BlurView.m */,
			);
			path = UIView;
			sourceTree = "<group>";
		};
		5E3CF5072093204700041A80 /* Video */ = {
			isa = PBXGroup;
			children = (
				5E3CF5082093205600041A80 /* OnlineVideoPlayer.h */,
				5E3CF5092093205600041A80 /* OnlineVideoPlayer.m */,
			);
			path = Video;
			sourceTree = "<group>";
		};
		5E3CF50B2093235A00041A80 /* NSString */ = {
			isa = PBXGroup;
			children = (
				5E3CF50F209327B100041A80 /* NSString+ADS.h */,
				5E3CF50D2093259100041A80 /* NSString+ADS.m */,
			);
			path = NSString;
			sourceTree = "<group>";
		};
		5E3CF51120940D1B00041A80 /* Network */ = {
			isa = PBXGroup;
			children = (
				5E3CF51520940D5800041A80 /* ADSNetworkHelper.h */,
				5E3CF51620940D5800041A80 /* ADSNetworkHelper.m */,
			);
			path = Network;
			sourceTree = "<group>";
		};
		5E63901520859BF00085C4FF /* UIFont */ = {
			isa = PBXGroup;
			children = (
				5E63901620859BF00085C4FF /* UIFont+Fonts.h */,
				5E63901720859BF00085C4FF /* UIFont+Fonts.m */,
			);
			path = UIFont;
			sourceTree = "<group>";
		};
		5E6390192085BDBB0085C4FF /* UIButton */ = {
			isa = PBXGroup;
			children = (
				5E63901A2085BDE70085C4FF /* UIButton+ADSAdd.h */,
				5E63901B2085BDE70085C4FF /* UIButton+ADSAdd.m */,
			);
			path = UIButton;
			sourceTree = "<group>";
		};
		5E63901D2085BFA20085C4FF /* Utils */ = {
			isa = PBXGroup;
			children = (
				5E3CF51120940D1B00041A80 /* Network */,
				5E3CF5072093204700041A80 /* Video */,
				5E63901E2085BFBE0085C4FF /* GCDManager.h */,
				5E63901F2085BFBE0085C4FF /* GCDManager.m */,
				5E6390252085E7E40085C4FF /* FPSTool.h */,
				5E6390262085E7E40085C4FF /* FPSTool.m */,
			);
			path = Utils;
			sourceTree = "<group>";
		};
		5E6390212085E2020085C4FF /* UIViewController */ = {
			isa = PBXGroup;
			children = (
				5E6390222085E2020085C4FF /* UIViewController+DefaultView.h */,
				5E6390232085E2020085C4FF /* UIViewController+DefaultView.m */,
			);
			path = UIViewController;
			sourceTree = "<group>";
		};
		5EA840E9207C8D75009B73DE /* NSObject */ = {
			isa = PBXGroup;
			children = (
				5EA840EC207C8DBC009B73DE /* NSObject+GetClassProperty.h */,
				5EA840EB207C8DBC009B73DE /* NSObject+GetClassProperty.m */,
			);
			path = NSObject;
			sourceTree = "<group>";
		};
		5EA840EA207C8D92009B73DE /* NSDictionary */ = {
			isa = PBXGroup;
			children = (
				5E01F9ED206E2B900078721C /* NSDictionary+ADSCategory.h */,
				5E01F9EE206E2B900078721C /* NSDictionary+ADSCategory.m */,
			);
			path = NSDictionary;
			sourceTree = "<group>";
		};
		5EBBAFC0208594FB00A1C68F /* Resource */ = {
			isa = PBXGroup;
			children = (
				5E01F9D4206E09E90078721C /* Assets.xcassets */,
			);
			path = Resource;
			sourceTree = "<group>";
		};
/* End PBXGroup section */

/* Begin PBXNativeTarget section */
		5E01F9C7206E09E90078721C /* tools */ = {
			isa = PBXNativeTarget;
			buildConfigurationList = 5E01F9DE206E09E90078721C /* Build configuration list for PBXNativeTarget "tools" */;
			buildPhases = (
				612E91F195F31D4F2923EFB4 /* [CP] Check Pods Manifest.lock */,
				5E01F9C4206E09E90078721C /* Sources */,
				5E01F9C5206E09E90078721C /* Frameworks */,
				5E01F9C6206E09E90078721C /* Resources */,
				2984731978FCC3EDD5E0DE2E /* [CP] Copy Pods Resources */,
			);
			buildRules = (
			);
			dependencies = (
			);
			name = tools;
			productName = tools;
			productReference = 5E01F9C8206E09E90078721C /* tools.app */;
			productType = "com.apple.product-type.application";
		};
/* End PBXNativeTarget section */

/* Begin PBXProject section */
		5E01F9C0206E09E90078721C /* Project object */ = {
			isa = PBXProject;
			attributes = {
				CLASSPREFIX = ADS;
				LastUpgradeCheck = 0920;
				ORGANIZATIONNAME = ads;
				TargetAttributes = {
					5E01F9C7206E09E90078721C = {
						CreatedOnToolsVersion = 9.2;
						ProvisioningStyle = Automatic;
					};
				};
			};
			buildConfigurationList = 5E01F9C3206E09E90078721C /* Build configuration list for PBXProject "tools" */;
			compatibilityVersion = "Xcode 8.0";
			developmentRegion = en;
			hasScannedForEncodings = 0;
			knownRegions = (
				en,
				Base,
			);
			mainGroup = 5E01F9BF206E09E90078721C;
			productRefGroup = 5E01F9C9206E09E90078721C /* Products */;
			projectDirPath = "";
			projectRoot = "";
			targets = (
				5E01F9C7206E09E90078721C /* tools */,
			);
		};
/* End PBXProject section */

/* Begin PBXResourcesBuildPhase section */
		5E01F9C6206E09E90078721C /* Resources */ = {
			isa = PBXResourcesBuildPhase;
			buildActionMask = 2147483647;
			files = (
				5E01F9D8206E09E90078721C /* LaunchScreen.storyboard in Resources */,
				5E01F9D5206E09E90078721C /* Assets.xcassets in Resources */,
			);
			runOnlyForDeploymentPostprocessing = 0;
		};
/* End PBXResourcesBuildPhase section */

/* Begin PBXShellScriptBuildPhase section */
		2984731978FCC3EDD5E0DE2E /* [CP] Copy Pods Resources */ = {
			isa = PBXShellScriptBuildPhase;
			buildActionMask = 2147483647;
			files = (
			);
			inputPaths = (
				"${SRCROOT}/Pods/Target Support Files/Pods-tools/Pods-tools-resources.sh",
				"${PODS_ROOT}/GPUImage/framework/Resources/lookup.png",
				"${PODS_ROOT}/GPUImage/framework/Resources/lookup_amatorka.png",
				"${PODS_ROOT}/GPUImage/framework/Resources/lookup_miss_etikate.png",
				"${PODS_ROOT}/GPUImage/framework/Resources/lookup_soft_elegance_1.png",
				"${PODS_ROOT}/GPUImage/framework/Resources/lookup_soft_elegance_2.png",
				"${PODS_ROOT}/QMUIKit/QMUIKit/QMUIResources/QMUIResources.bundle",
			);
			name = "[CP] Copy Pods Resources";
			outputPaths = (
				"${TARGET_BUILD_DIR}/${UNLOCALIZED_RESOURCES_FOLDER_PATH}/lookup.png",
				"${TARGET_BUILD_DIR}/${UNLOCALIZED_RESOURCES_FOLDER_PATH}/lookup_amatorka.png",
				"${TARGET_BUILD_DIR}/${UNLOCALIZED_RESOURCES_FOLDER_PATH}/lookup_miss_etikate.png",
				"${TARGET_BUILD_DIR}/${UNLOCALIZED_RESOURCES_FOLDER_PATH}/lookup_soft_elegance_1.png",
				"${TARGET_BUILD_DIR}/${UNLOCALIZED_RESOURCES_FOLDER_PATH}/lookup_soft_elegance_2.png",
				"${TARGET_BUILD_DIR}/${UNLOCALIZED_RESOURCES_FOLDER_PATH}/QMUIResources.bundle",
			);
			runOnlyForDeploymentPostprocessing = 0;
			shellPath = /bin/sh;
			shellScript = "\"${SRCROOT}/Pods/Target Support Files/Pods-tools/Pods-tools-resources.sh\"\n";
			showEnvVarsInLog = 0;
		};
		612E91F195F31D4F2923EFB4 /* [CP] Check Pods Manifest.lock */ = {
			isa = PBXShellScriptBuildPhase;
			buildActionMask = 2147483647;
			files = (
			);
			inputPaths = (
				"${PODS_PODFILE_DIR_PATH}/Podfile.lock",
				"${PODS_ROOT}/Manifest.lock",
			);
			name = "[CP] Check Pods Manifest.lock";
			outputPaths = (
				"$(DERIVED_FILE_DIR)/Pods-tools-checkManifestLockResult.txt",
			);
			runOnlyForDeploymentPostprocessing = 0;
			shellPath = /bin/sh;
			shellScript = "diff \"${PODS_PODFILE_DIR_PATH}/Podfile.lock\" \"${PODS_ROOT}/Manifest.lock\" > /dev/null\nif [ $? != 0 ] ; then\n    # print error to STDERR\n    echo \"error: The sandbox is not in sync with the Podfile.lock. Run 'pod install' or update your CocoaPods installation.\" >&2\n    exit 1\nfi\n# This output is used by Xcode 'outputs' to avoid re-running this script phase.\necho \"SUCCESS\" > \"${SCRIPT_OUTPUT_FILE_0}\"\n";
			showEnvVarsInLog = 0;
		};
/* End PBXShellScriptBuildPhase section */

/* Begin PBXSourcesBuildPhase section */
		5E01F9C4206E09E90078721C /* Sources */ = {
			isa = PBXSourcesBuildPhase;
			buildActionMask = 2147483647;
			files = (
				5EBBAFBC208591AF00A1C68F /* ADSHomeViewController.m in Sources */,
				5E3CF51720940D5800041A80 /* ADSNetworkHelper.m in Sources */,
				5E01F9DB206E09E90078721C /* main.m in Sources */,
				5E63901C2085BDE70085C4FF /* UIButton+ADSAdd.m in Sources */,
				5E6390242085E2020085C4FF /* UIViewController+DefaultView.m in Sources */,
				5E3CF50E2093259100041A80 /* NSString+ADS.m in Sources */,
				5E01F9EF206E2B900078721C /* NSDictionary+ADSCategory.m in Sources */,
				5E01F9CD206E09E90078721C /* AppDelegate.m in Sources */,
				5E1E3BE12079C20500805BA8 /* UIView+POPAnimation.m in Sources */,
				5E3CF50A2093205600041A80 /* OnlineVideoPlayer.m in Sources */,
				5E01F9E8206E28C60078721C /* ADSBaseViewController.m in Sources */,
				5E6390272085E7E40085C4FF /* FPSTool.m in Sources */,
				5EA840F4207C934B009B73DE /* ADSNavigationController.m in Sources */,
				5EA840ED207C8DBC009B73DE /* NSObject+GetClassProperty.m in Sources */,
				5EBBAFBF208591C400A1C68F /* ADSSettingViewController.m in Sources */,
				5E63901820859BF00085C4FF /* UIFont+Fonts.m in Sources */,
				5E012DAF207D9B4C00452517 /* UIView+BlurView.m in Sources */,
				5E6390202085BFBE0085C4FF /* GCDManager.m in Sources */,
			);
			runOnlyForDeploymentPostprocessing = 0;
		};
/* End PBXSourcesBuildPhase section */

/* Begin PBXVariantGroup section */
		5E01F9D6206E09E90078721C /* LaunchScreen.storyboard */ = {
			isa = PBXVariantGroup;
			children = (
				5E01F9D7206E09E90078721C /* Base */,
			);
			name = LaunchScreen.storyboard;
			sourceTree = "<group>";
		};
/* End PBXVariantGroup section */

/* Begin XCBuildConfiguration section */
		5E01F9DC206E09E90078721C /* Debug */ = {
			isa = XCBuildConfiguration;
			buildSettings = {
				ALWAYS_SEARCH_USER_PATHS = NO;
				CLANG_ANALYZER_NONNULL = YES;
				CLANG_ANALYZER_NUMBER_OBJECT_CONVERSION = YES_AGGRESSIVE;
				CLANG_CXX_LANGUAGE_STANDARD = "gnu++14";
				CLANG_CXX_LIBRARY = "libc++";
				CLANG_ENABLE_MODULES = YES;
				CLANG_ENABLE_OBJC_ARC = YES;
				CLANG_WARN_BLOCK_CAPTURE_AUTORELEASING = YES;
				CLANG_WARN_BOOL_CONVERSION = YES;
				CLANG_WARN_COMMA = YES;
				CLANG_WARN_CONSTANT_CONVERSION = YES;
				CLANG_WARN_DIRECT_OBJC_ISA_USAGE = YES_ERROR;
				CLANG_WARN_DOCUMENTATION_COMMENTS = YES;
				CLANG_WARN_EMPTY_BODY = YES;
				CLANG_WARN_ENUM_CONVERSION = YES;
				CLANG_WARN_INFINITE_RECURSION = YES;
				CLANG_WARN_INT_CONVERSION = YES;
				CLANG_WARN_NON_LITERAL_NULL_CONVERSION = YES;
				CLANG_WARN_OBJC_LITERAL_CONVERSION = YES;
				CLANG_WARN_OBJC_ROOT_CLASS = YES_ERROR;
				CLANG_WARN_RANGE_LOOP_ANALYSIS = YES;
				CLANG_WARN_STRICT_PROTOTYPES = YES;
				CLANG_WARN_SUSPICIOUS_MOVE = YES;
				CLANG_WARN_UNGUARDED_AVAILABILITY = YES_AGGRESSIVE;
				CLANG_WARN_UNREACHABLE_CODE = YES;
				CLANG_WARN__DUPLICATE_METHOD_MATCH = YES;
				CODE_SIGN_IDENTITY = "iPhone Developer";
				COPY_PHASE_STRIP = NO;
				DEBUG_INFORMATION_FORMAT = dwarf;
				ENABLE_STRICT_OBJC_MSGSEND = YES;
				ENABLE_TESTABILITY = YES;
				GCC_C_LANGUAGE_STANDARD = gnu11;
				GCC_DYNAMIC_NO_PIC = NO;
				GCC_NO_COMMON_BLOCKS = YES;
				GCC_OPTIMIZATION_LEVEL = 0;
				GCC_PREPROCESSOR_DEFINITIONS = (
					"DEBUG=1",
					"$(inherited)",
				);
				GCC_WARN_64_TO_32_BIT_CONVERSION = YES;
				GCC_WARN_ABOUT_RETURN_TYPE = YES_ERROR;
				GCC_WARN_UNDECLARED_SELECTOR = YES;
				GCC_WARN_UNINITIALIZED_AUTOS = YES_AGGRESSIVE;
				GCC_WARN_UNUSED_FUNCTION = YES;
				GCC_WARN_UNUSED_VARIABLE = YES;
				IPHONEOS_DEPLOYMENT_TARGET = 11.2;
				MTL_ENABLE_DEBUG_INFO = YES;
				ONLY_ACTIVE_ARCH = YES;
				SDKROOT = iphoneos;
			};
			name = Debug;
		};
		5E01F9DD206E09E90078721C /* Release */ = {
			isa = XCBuildConfiguration;
			buildSettings = {
				ALWAYS_SEARCH_USER_PATHS = NO;
				CLANG_ANALYZER_NONNULL = YES;
				CLANG_ANALYZER_NUMBER_OBJECT_CONVERSION = YES_AGGRESSIVE;
				CLANG_CXX_LANGUAGE_STANDARD = "gnu++14";
				CLANG_CXX_LIBRARY = "libc++";
				CLANG_ENABLE_MODULES = YES;
				CLANG_ENABLE_OBJC_ARC = YES;
				CLANG_WARN_BLOCK_CAPTURE_AUTORELEASING = YES;
				CLANG_WARN_BOOL_CONVERSION = YES;
				CLANG_WARN_COMMA = YES;
				CLANG_WARN_CONSTANT_CONVERSION = YES;
				CLANG_WARN_DIRECT_OBJC_ISA_USAGE = YES_ERROR;
				CLANG_WARN_DOCUMENTATION_COMMENTS = YES;
				CLANG_WARN_EMPTY_BODY = YES;
				CLANG_WARN_ENUM_CONVERSION = YES;
				CLANG_WARN_INFINITE_RECURSION = YES;
				CLANG_WARN_INT_CONVERSION = YES;
				CLANG_WARN_NON_LITERAL_NULL_CONVERSION = YES;
				CLANG_WARN_OBJC_LITERAL_CONVERSION = YES;
				CLANG_WARN_OBJC_ROOT_CLASS = YES_ERROR;
				CLANG_WARN_RANGE_LOOP_ANALYSIS = YES;
				CLANG_WARN_STRICT_PROTOTYPES = YES;
				CLANG_WARN_SUSPICIOUS_MOVE = YES;
				CLANG_WARN_UNGUARDED_AVAILABILITY = YES_AGGRESSIVE;
				CLANG_WARN_UNREACHABLE_CODE = YES;
				CLANG_WARN__DUPLICATE_METHOD_MATCH = YES;
				CODE_SIGN_IDENTITY = "iPhone Developer";
				COPY_PHASE_STRIP = NO;
				DEBUG_INFORMATION_FORMAT = "dwarf-with-dsym";
				ENABLE_NS_ASSERTIONS = NO;
				ENABLE_STRICT_OBJC_MSGSEND = YES;
				GCC_C_LANGUAGE_STANDARD = gnu11;
				GCC_NO_COMMON_BLOCKS = YES;
				GCC_WARN_64_TO_32_BIT_CONVERSION = YES;
				GCC_WARN_ABOUT_RETURN_TYPE = YES_ERROR;
				GCC_WARN_UNDECLARED_SELECTOR = YES;
				GCC_WARN_UNINITIALIZED_AUTOS = YES_AGGRESSIVE;
				GCC_WARN_UNUSED_FUNCTION = YES;
				GCC_WARN_UNUSED_VARIABLE = YES;
				IPHONEOS_DEPLOYMENT_TARGET = 11.2;
				MTL_ENABLE_DEBUG_INFO = NO;
				SDKROOT = iphoneos;
				VALIDATE_PRODUCT = YES;
			};
			name = Release;
		};
		5E01F9DF206E09E90078721C /* Debug */ = {
			isa = XCBuildConfiguration;
			baseConfigurationReference = 12539583E63381F78B412087 /* Pods-tools.debug.xcconfig */;
			buildSettings = {
				ALWAYS_SEARCH_USER_PATHS = YES;
				ASSETCATALOG_COMPILER_APPICON_NAME = AppIcon;
				CODE_SIGN_IDENTITY = "iPhone Developer";
				CODE_SIGN_STYLE = Automatic;
				DEVELOPMENT_TEAM = B74XK883LC;
				GCC_PRECOMPILE_PREFIX_HEADER = YES;
				GCC_PREFIX_HEADER = "$(SRCROOT)/Tools/Global/Config.pch";
				INFOPLIST_FILE = tools/Info.plist;
				IPHONEOS_DEPLOYMENT_TARGET = 9.0;
				LD_RUNPATH_SEARCH_PATHS = "$(inherited) @executable_path/Frameworks";
				PRODUCT_BUNDLE_IDENTIFIER = com.dongsheng.test2;
				PRODUCT_NAME = "$(TARGET_NAME)";
				PROVISIONING_PROFILE = "";
				PROVISIONING_PROFILE_SPECIFIER = "";
				TARGETED_DEVICE_FAMILY = "1,2";
				USER_HEADER_SEARCH_PATHS = "$(SRCROOT)/tools/Global/Config.h/**";
			};
			name = Debug;
		};
		5E01F9E0206E09E90078721C /* Release */ = {
			isa = XCBuildConfiguration;
			baseConfigurationReference = 5D169C863E743C80248171A2 /* Pods-tools.release.xcconfig */;
			buildSettings = {
				ALWAYS_SEARCH_USER_PATHS = YES;
				ASSETCATALOG_COMPILER_APPICON_NAME = AppIcon;
				CODE_SIGN_IDENTITY = "iPhone Developer";
				CODE_SIGN_STYLE = Automatic;
				DEVELOPMENT_TEAM = B74XK883LC;
				GCC_PRECOMPILE_PREFIX_HEADER = YES;
				GCC_PREFIX_HEADER = "$(SRCROOT)/Tools/Global/Config.pch";
				INFOPLIST_FILE = tools/Info.plist;
				IPHONEOS_DEPLOYMENT_TARGET = 9.0;
				LD_RUNPATH_SEARCH_PATHS = "$(inherited) @executable_path/Frameworks";
				PRODUCT_BUNDLE_IDENTIFIER = com.dongsheng.test2;
				PRODUCT_NAME = "$(TARGET_NAME)";
				PROVISIONING_PROFILE = "";
				PROVISIONING_PROFILE_SPECIFIER = "";
				TARGETED_DEVICE_FAMILY = "1,2";
				USER_HEADER_SEARCH_PATHS = "$(SRCROOT)/tools/Global/Config.h/**";
			};
			name = Release;
		};
/* End XCBuildConfiguration section */

/* Begin XCConfigurationList section */
		5E01F9C3206E09E90078721C /* Build configuration list for PBXProject "tools" */ = {
			isa = XCConfigurationList;
			buildConfigurations = (
				5E01F9DC206E09E90078721C /* Debug */,
				5E01F9DD206E09E90078721C /* Release */,
			);
			defaultConfigurationIsVisible = 0;
			defaultConfigurationName = Release;
		};
		5E01F9DE206E09E90078721C /* Build configuration list for PBXNativeTarget "tools" */ = {
			isa = XCConfigurationList;
			buildConfigurations = (
				5E01F9DF206E09E90078721C /* Debug */,
				5E01F9E0206E09E90078721C /* Release */,
			);
			defaultConfigurationIsVisible = 0;
			defaultConfigurationName = Release;
		};
/* End XCConfigurationList section */
	};
	rootObject = 5E01F9C0206E09E90078721C /* Project object */;
}
